# THIS IS AN AUTOGENERATED FILE. DO NOT EDIT THIS FILE DIRECTLY.
# yarn lockfile v1


acorn-jsx@^5.3.1:
  version "5.3.2"
  resolved "https://registry.npm.qianxin-inc.cn/acorn-jsx/download/acorn-jsx-5.3.2.tgz#7ed5bb55908b3b2f1bc55c6af1653bada7f07937"
  integrity sha1-ftW7VZCLOy8bxVxq8WU7rafweTc=

acorn@^8.7.0:
  version "8.7.0"
  resolved "https://registry.npm.qianxin-inc.cn/acorn/download/acorn-8.7.0.tgz#90951fde0f8f09df93549481e5fc141445b791cf"
  integrity sha1-kJUf3g+PCd+TVJSB5fwUFEW3kc8=

debug@^4.3.2:
  version "4.3.4"
  resolved "https://registry.npm.qianxin-inc.cn/debug/download/debug-4.3.4.tgz#1319f6579357f2338d3337d2cdd4914bb5dcc865"
  integrity sha1-Exn2V5NX8jONMzfSzdSRS7XcyGU=
  dependencies:
    ms "2.1.2"

eslint-plugin-vue@^8.5.0:
  version "8.5.0"
  resolved "https://registry.npm.qianxin-inc.cn/eslint-plugin-vue/download/eslint-plugin-vue-8.5.0.tgz#65832bba43ca713fa5da16bdfcf55d0095677f6f"
  integrity sha1-ZYMrukPKcT+l2ha9/PVdAJVnf28=
  dependencies:
    eslint-utils "^3.0.0"
    natural-compare "^1.4.0"
    semver "^7.3.5"
    vue-eslint-parser "^8.0.1"

eslint-scope@^7.0.0:
  version "7.1.1"
  resolved "https://registry.npm.qianxin-inc.cn/eslint-scope/download/eslint-scope-7.1.1.tgz#fff34894c2f65e5226d3041ac480b4513a163642"
  integrity sha1-//NIlML2XlIm0wQaxIC0UToWNkI=
  dependencies:
    esrecurse "^4.3.0"
    estraverse "^5.2.0"

eslint-utils@^3.0.0:
  version "3.0.0"
  resolved "https://registry.npm.qianxin-inc.cn/eslint-utils/download/eslint-utils-3.0.0.tgz#8aebaface7345bb33559db0a1f13a1d2d48c3672"
  integrity sha1-iuuvrOc0W7M1WdsKHxOh0tSMNnI=
  dependencies:
    eslint-visitor-keys "^2.0.0"

eslint-visitor-keys@^2.0.0:
  version "2.1.0"
  resolved "https://registry.npm.qianxin-inc.cn/eslint-visitor-keys/download/eslint-visitor-keys-2.1.0.tgz#f65328259305927392c938ed44eb0a5c9b2bd303"
  integrity sha1-9lMoJZMFknOSyTjtROsKXJsr0wM=

eslint-visitor-keys@^3.1.0, eslint-visitor-keys@^3.3.0:
  version "3.3.0"
  resolved "https://registry.npm.qianxin-inc.cn/eslint-visitor-keys/download/eslint-visitor-keys-3.3.0.tgz#f6480fa6b1f30efe2d1968aa8ac745b862469826"
  integrity sha1-9kgPprHzDv4tGWiqisdFuGJGmCY=

espree@^9.0.0:
  version "9.3.1"
  resolved "https://registry.npm.qianxin-inc.cn/espree/download/espree-9.3.1.tgz#8793b4bc27ea4c778c19908e0719e7b8f4115bcd"
  integrity sha1-h5O0vCfqTHeMGZCOBxnnuPQRW80=
  dependencies:
    acorn "^8.7.0"
    acorn-jsx "^5.3.1"
    eslint-visitor-keys "^3.3.0"

esquery@^1.4.0:
  version "1.4.0"
  resolved "https://registry.npm.qianxin-inc.cn/esquery/download/esquery-1.4.0.tgz#2148ffc38b82e8c7057dfed48425b3e61f0f24a5"
  integrity sha1-IUj/w4uC6McFff7UhCWz5h8PJKU=
  dependencies:
    estraverse "^5.1.0"

esrecurse@^4.3.0:
  version "4.3.0"
  resolved "https://registry.npm.qianxin-inc.cn/esrecurse/download/esrecurse-4.3.0.tgz#7ad7964d679abb28bee72cec63758b1c5d2c9921"
  integrity sha1-eteWTWeauyi+5yzsY3WLHF0smSE=
  dependencies:
    estraverse "^5.2.0"

estraverse@^5.1.0, estraverse@^5.2.0:
  version "5.3.0"
  resolved "https://registry.npm.qianxin-inc.cn/estraverse/download/estraverse-5.3.0.tgz#2eea5290702f26ab8fe5370370ff86c965d21123"
  integrity sha1-LupSkHAvJquP5TcDcP+GyWXSESM=

lodash@^4.17.21:
  version "4.17.21"
  resolved "https://registry.npm.qianxin-inc.cn/lodash/download/lodash-4.17.21.tgz#679591c564c3bffaae8454cf0b3df370c3d6911c"
  integrity sha1-Z5WRxWTDv/quhFTPCz3zcMPWkRw=

lru-cache@^6.0.0:
  version "6.0.0"
  resolved "https://registry.npm.qianxin-inc.cn/lru-cache/download/lru-cache-6.0.0.tgz#6d6fe6570ebd96aaf90fcad1dafa3b2566db3a94"
  integrity sha1-bW/mVw69lqr5D8rR2vo7JWbbOpQ=
  dependencies:
    yallist "^4.0.0"

ms@2.1.2:
  version "2.1.2"
  resolved "https://registry.npm.qianxin-inc.cn/ms/download/ms-2.1.2.tgz#d09d1f357b443f493382a8eb3ccd183872ae6009"
  integrity sha1-0J0fNXtEP0kzgqjrPM0YOHKuYAk=

natural-compare@^1.4.0:
  version "1.4.0"
  resolved "https://registry.npm.qianxin-inc.cn/natural-compare/download/natural-compare-1.4.0.tgz#4abebfeed7541f2c27acfb29bdbbd15c8d5ba4f7"
  integrity sha1-Sr6/7tdUHywnrPspvbvRXI1bpPc=

semver@^7.3.5:
  version "7.3.5"
  resolved "https://registry.npm.qianxin-inc.cn/semver/download/semver-7.3.5.tgz#0b621c879348d8998e4b0e4be94b3f12e6018ef7"
  integrity sha1-C2Ich5NI2JmOSw5L6Us/EuYBjvc=
  dependencies:
    lru-cache "^6.0.0"

vue-eslint-parser@^8.0.1, vue-eslint-parser@^8.3.0:
  version "8.3.0"
  resolved "https://registry.npm.qianxin-inc.cn/vue-eslint-parser/download/vue-eslint-parser-8.3.0.tgz#5d31129a1b3dd89c0069ca0a1c88f970c360bd0d"
  integrity sha1-XTESmhs92JwAacoKHIj5cMNgvQ0=
  dependencies:
    debug "^4.3.2"
    eslint-scope "^7.0.0"
    eslint-visitor-keys "^3.1.0"
    espree "^9.0.0"
    esquery "^1.4.0"
    lodash "^4.17.21"
    semver "^7.3.5"

yallist@^4.0.0:
  version "4.0.0"
  resolved "https://registry.npm.qianxin-inc.cn/yallist/download/yallist-4.0.0.tgz#9bb92790d9c0effec63be73519e11a35019a3a72"
  integrity sha1-m7knkNnA7/7GO+c1GeEaNQGaOnI=
